
Microsoft Visual Studio Solution File, Format Version 12.00
Project("{FAE04EC0-301F-11D3-BF4B-00C04F79EFBC}") = "Oas3.Yaml.Models", "Oas3.Yaml.Models\Oas3.Yaml.Models.csproj", "{F08DF3D6-ED0A-4897-990B-C54B4FF42353}"
EndProject
Project("{FAE04EC0-301F-11D3-BF4B-00C04F79EFBC}") = "oas3.yaml.parser", "oas3.yaml.parser\oas3.yaml.parser.csproj", "{071C3AD4-87AC-4575-9F24-FED35F9A7545}"
EndProject
Global
	GlobalSection(SolutionConfigurationPlatforms) = preSolution
		Debug|Any CPU = Debug|Any CPU
		Release|Any CPU = Release|Any CPU
	EndGlobalSection
	GlobalSection(ProjectConfigurationPlatforms) = postSolution
		{F08DF3D6-ED0A-4897-990B-C54B4FF42353}.Debug|Any CPU.ActiveCfg = Debug|Any CPU
		{F08DF3D6-ED0A-4897-990B-C54B4FF42353}.Debug|Any CPU.Build.0 = Debug|Any CPU
		{F08DF3D6-ED0A-4897-990B-C54B4FF42353}.Release|Any CPU.ActiveCfg = Release|Any CPU
		{F08DF3D6-ED0A-4897-990B-C54B4FF42353}.Release|Any CPU.Build.0 = Release|Any CPU
		{071C3AD4-87AC-4575-9F24-FED35F9A7545}.Debug|Any CPU.ActiveCfg = Debug|Any CPU
		{071C3AD4-87AC-4575-9F24-FED35F9A7545}.Debug|Any CPU.Build.0 = Debug|Any CPU
		{071C3AD4-87AC-4575-9F24-FED35F9A7545}.Release|Any CPU.ActiveCfg = Release|Any CPU
		{071C3AD4-87AC-4575-9F24-FED35F9A7545}.Release|Any CPU.Build.0 = Release|Any CPU
	EndGlobalSection
EndGlobal
